[[package]]
category = "main"
description = "pyahocorasick is a fast and memory efficient library for exact or approximate multi-pattern string search.  With the ahocorasick.Automaton class, you can find multiple key strings occurrences at once in some input text.  You can use it as a plain dict-like Trie or convert a Trie to an automaton for efficient Aho-Corasick search.  Implemented in C and tested on Python 2.7 and 3.4+.  Works on Linux, Mac and Windows. BSD-3-clause license."
name = "pyahocorasick"
optional = false
python-versions = "*"
version = "1.4.1"

[metadata]
content-hash = "bc7bff5a20100f75311b226b30454bda3bdb78b28426f3ba031234cc2c70cf18"
python-versions = "^3.8"

[metadata.files]
pyahocorasick = [
    {file = "pyahocorasick-1.4.1.tar.gz", hash = "sha256:fe076da3b0b20dbb619b0fb6478af8766b06679c0e359a2bfb189d3f07ddeecf"},
]
